
Microsoft Visual Studio Solution File, Format Version 12.00
# Visual Studio Version 16
VisualStudioVersion = 16.0.29001.49
MinimumVisualStudioVersion = 10.0.40219.1
Project("{FAE04EC0-301F-11D3-BF4B-00C04F79EFBC}") = "VideoPoker", "VideoPoker\VideoPoker.csproj", "{1D746FFF-F226-4670-BC58-B32DD6D202D3}"
EndProject
Project("{FAE04EC0-301F-11D3-BF4B-00C04F79EFBC}") = "Tests", "Tests\Tests.csproj", "{91AC3690-957C-4378-8925-9325F7D1F420}"
	ProjectSection(ProjectDependencies) = postProject
		{1D746FFF-F226-4670-BC58-B32DD6D202D3} = {1D746FFF-F226-4670-BC58-B32DD6D202D3}
	EndProjectSection
EndProject
Global
	GlobalSection(SolutionConfigurationPlatforms) = preSolution
		Debug|Any CPU = Debug|Any CPU
		Release|Any CPU = Release|Any CPU
	EndGlobalSection
	GlobalSection(ProjectConfigurationPlatforms) = postSolution
		{1D746FFF-F226-4670-BC58-B32DD6D202D3}.Debug|Any CPU.ActiveCfg = Debug|Any CPU
		{1D746FFF-F226-4670-BC58-B32DD6D202D3}.Debug|Any CPU.Build.0 = Debug|Any CPU
		{1D746FFF-F226-4670-BC58-B32DD6D202D3}.Release|Any CPU.ActiveCfg = Release|Any CPU
		{1D746FFF-F226-4670-BC58-B32DD6D202D3}.Release|Any CPU.Build.0 = Release|Any CPU
		{91AC3690-957C-4378-8925-9325F7D1F420}.Debug|Any CPU.ActiveCfg = Debug|Any CPU
		{91AC3690-957C-4378-8925-9325F7D1F420}.Debug|Any CPU.Build.0 = Debug|Any CPU
		{91AC3690-957C-4378-8925-9325F7D1F420}.Release|Any CPU.ActiveCfg = Release|Any CPU
		{91AC3690-957C-4378-8925-9325F7D1F420}.Release|Any CPU.Build.0 = Release|Any CPU
	EndGlobalSection
	GlobalSection(SolutionProperties) = preSolution
		HideSolutionNode = FALSE
	EndGlobalSection
	GlobalSection(ExtensibilityGlobals) = postSolution
		SolutionGuid = {EAE3C49B-57E6-4A88-93FB-DFFFA3F5FC5D}
	EndGlobalSection
EndGlobal
